
Microsoft Visual Studio Solution File, Format Version 12.00
# Visual Studio Version 17
VisualStudioVersion = 17.11.35327.3
MinimumVisualStudioVersion = 10.0.40219.1
Project("{FAE04EC0-301F-11D3-BF4B-00C04F79EFBC}") = "ПЗ_13", "ПЗ_13\ПЗ_13.csproj", "{75F54769-B2D1-4846-93A3-7EEA7F3743BD}"
EndProject
Project("{FAE04EC0-301F-11D3-BF4B-00C04F79EFBC}") = "ПЗ_13(2)", "ПЗ_13(2)\ПЗ_13(2).csproj", "{64C7CEBD-6FE6-4863-A91C-CA08923A8298}"
EndProject
Project("{FAE04EC0-301F-11D3-BF4B-00C04F79EFBC}") = "ПЗ_13(3)", "ПЗ_13(3)\ПЗ_13(3).csproj", "{7CEF8CCB-51AC-4A9F-ABDF-0EEEA09475B7}"
EndProject
Global
	GlobalSection(SolutionConfigurationPlatforms) = preSolution
		Debug|Any CPU = Debug|Any CPU
		Release|Any CPU = Release|Any CPU
	EndGlobalSection
	GlobalSection(ProjectConfigurationPlatforms) = postSolution
		{75F54769-B2D1-4846-93A3-7EEA7F3743BD}.Debug|Any CPU.ActiveCfg = Debug|Any CPU
		{75F54769-B2D1-4846-93A3-7EEA7F3743BD}.Debug|Any CPU.Build.0 = Debug|Any CPU
		{75F54769-B2D1-4846-93A3-7EEA7F3743BD}.Release|Any CPU.ActiveCfg = Release|Any CPU
		{75F54769-B2D1-4846-93A3-7EEA7F3743BD}.Release|Any CPU.Build.0 = Release|Any CPU
		{64C7CEBD-6FE6-4863-A91C-CA08923A8298}.Debug|Any CPU.ActiveCfg = Debug|Any CPU
		{64C7CEBD-6FE6-4863-A91C-CA08923A8298}.Debug|Any CPU.Build.0 = Debug|Any CPU
		{64C7CEBD-6FE6-4863-A91C-CA08923A8298}.Release|Any CPU.ActiveCfg = Release|Any CPU
		{64C7CEBD-6FE6-4863-A91C-CA08923A8298}.Release|Any CPU.Build.0 = Release|Any CPU
		{7CEF8CCB-51AC-4A9F-ABDF-0EEEA09475B7}.Debug|Any CPU.ActiveCfg = Debug|Any CPU
		{7CEF8CCB-51AC-4A9F-ABDF-0EEEA09475B7}.Debug|Any CPU.Build.0 = Debug|Any CPU
		{7CEF8CCB-51AC-4A9F-ABDF-0EEEA09475B7}.Release|Any CPU.ActiveCfg = Release|Any CPU
		{7CEF8CCB-51AC-4A9F-ABDF-0EEEA09475B7}.Release|Any CPU.Build.0 = Release|Any CPU
	EndGlobalSection
	GlobalSection(SolutionProperties) = preSolution
		HideSolutionNode = FALSE
	EndGlobalSection
	GlobalSection(ExtensibilityGlobals) = postSolution
		SolutionGuid = {70B0F4E3-0B0F-4AF2-AF77-125F53B52FEF}
	EndGlobalSection
EndGlobal
